
Microsoft Visual Studio Solution File, Format Version 11.00
# Visual Studio 2010
Project("{E24C65DC-7377-472B-9ABA-BC803B73C61A}") = "BEDSite", "BEDSite\", "{C396FEDE-9166-4AC1-8FCE-ADE742AF2478}"
	ProjectSection(WebsiteProperties) = preProject
		TargetFrameworkMoniker = ".NETFramework,Version%3Dv4.0"
		Debug.AspNetCompiler.VirtualPath = "/BEDSite"
		Debug.AspNetCompiler.PhysicalPath = "BEDSite\"
		Debug.AspNetCompiler.TargetPath = "PrecompiledWeb\BEDSite\"
		Debug.AspNetCompiler.Updateable = "true"
		Debug.AspNetCompiler.ForceOverwrite = "true"
		Debug.AspNetCompiler.FixedNames = "false"
		Debug.AspNetCompiler.Debug = "True"
		Release.AspNetCompiler.VirtualPath = "/BEDSite"
		Release.AspNetCompiler.PhysicalPath = "BEDSite\"
		Release.AspNetCompiler.TargetPath = "PrecompiledWeb\BEDSite\"
		Release.AspNetCompiler.Updateable = "true"
		Release.AspNetCompiler.ForceOverwrite = "true"
		Release.AspNetCompiler.FixedNames = "false"
		Release.AspNetCompiler.Debug = "False"
		VWDPort = "52576"
	EndProjectSection
EndProject
Project("{E24C65DC-7377-472B-9ABA-BC803B73C61A}") = "BEDUnsubscribe", "BEDUnsubscribe\", "{810CB326-ADF1-45EB-AF3F-B250CFAD5E70}"
	ProjectSection(WebsiteProperties) = preProject
		TargetFrameworkMoniker = ".NETFramework,Version%3Dv4.0"
		Debug.AspNetCompiler.VirtualPath = "/BEDUnsubscribe"
		Debug.AspNetCompiler.PhysicalPath = "BEDUnsubscribe\"
		Debug.AspNetCompiler.TargetPath = "PrecompiledWeb\BEDUnsubscribe\"
		Debug.AspNetCompiler.Updateable = "true"
		Debug.AspNetCompiler.ForceOverwrite = "true"
		Debug.AspNetCompiler.FixedNames = "false"
		Debug.AspNetCompiler.Debug = "True"
		Release.AspNetCompiler.VirtualPath = "/BEDUnsubscribe"
		Release.AspNetCompiler.PhysicalPath = "BEDUnsubscribe\"
		Release.AspNetCompiler.TargetPath = "PrecompiledWeb\BEDUnsubscribe\"
		Release.AspNetCompiler.Updateable = "true"
		Release.AspNetCompiler.ForceOverwrite = "true"
		Release.AspNetCompiler.FixedNames = "false"
		Release.AspNetCompiler.Debug = "False"
		VWDPort = "52696"
	EndProjectSection
EndProject
Global
	GlobalSection(SolutionConfigurationPlatforms) = preSolution
		Debug|Any CPU = Debug|Any CPU
	EndGlobalSection
	GlobalSection(ProjectConfigurationPlatforms) = postSolution
		{C396FEDE-9166-4AC1-8FCE-ADE742AF2478}.Debug|Any CPU.ActiveCfg = Debug|Any CPU
		{C396FEDE-9166-4AC1-8FCE-ADE742AF2478}.Debug|Any CPU.Build.0 = Debug|Any CPU
		{810CB326-ADF1-45EB-AF3F-B250CFAD5E70}.Debug|Any CPU.ActiveCfg = Debug|Any CPU
		{810CB326-ADF1-45EB-AF3F-B250CFAD5E70}.Debug|Any CPU.Build.0 = Debug|Any CPU
	EndGlobalSection
	GlobalSection(SolutionProperties) = preSolution
		HideSolutionNode = FALSE
	EndGlobalSection
EndGlobal
