
Microsoft Visual Studio Solution File, Format Version 11.00
# Visual Studio 2010
Project("{FAE04EC0-301F-11D3-BF4B-00C04F79EFBC}") = "BEDService", "BED\BEDService.csproj", "{2EE292F7-30BE-4196-BEAA-AA46B55B0FBA}"
EndProject
Project("{E24C65DC-7377-472B-9ABA-BC803B73C61A}") = "BEDWeb", "BEDWeb\", "{FEEBB066-7830-4D85-9634-0478185458BE}"
	ProjectSection(WebsiteProperties) = preProject
		TargetFrameworkMoniker = ".NETFramework,Version%3Dv4.0"
		Debug.AspNetCompiler.VirtualPath = "/BEDWeb"
		Debug.AspNetCompiler.PhysicalPath = "BEDWeb\"
		Debug.AspNetCompiler.TargetPath = "PrecompiledWeb\BEDWeb\"
		Debug.AspNetCompiler.Updateable = "true"
		Debug.AspNetCompiler.ForceOverwrite = "true"
		Debug.AspNetCompiler.FixedNames = "false"
		Debug.AspNetCompiler.Debug = "True"
		Release.AspNetCompiler.VirtualPath = "/BEDWeb"
		Release.AspNetCompiler.PhysicalPath = "BEDWeb\"
		Release.AspNetCompiler.TargetPath = "PrecompiledWeb\BEDWeb\"
		Release.AspNetCompiler.Updateable = "true"
		Release.AspNetCompiler.ForceOverwrite = "true"
		Release.AspNetCompiler.FixedNames = "false"
		Release.AspNetCompiler.Debug = "False"
		VWDPort = "60690"
		DefaultWebSiteLanguage = "Visual C#"
	EndProjectSection
EndProject
Global
	GlobalSection(SolutionConfigurationPlatforms) = preSolution
		Debug|Any CPU = Debug|Any CPU
		Release|Any CPU = Release|Any CPU
	EndGlobalSection
	GlobalSection(ProjectConfigurationPlatforms) = postSolution
		{2EE292F7-30BE-4196-BEAA-AA46B55B0FBA}.Debug|Any CPU.ActiveCfg = Debug|Any CPU
		{2EE292F7-30BE-4196-BEAA-AA46B55B0FBA}.Debug|Any CPU.Build.0 = Debug|Any CPU
		{2EE292F7-30BE-4196-BEAA-AA46B55B0FBA}.Release|Any CPU.ActiveCfg = Release|Any CPU
		{2EE292F7-30BE-4196-BEAA-AA46B55B0FBA}.Release|Any CPU.Build.0 = Release|Any CPU
		{FEEBB066-7830-4D85-9634-0478185458BE}.Debug|Any CPU.ActiveCfg = Debug|Any CPU
		{FEEBB066-7830-4D85-9634-0478185458BE}.Debug|Any CPU.Build.0 = Debug|Any CPU
		{FEEBB066-7830-4D85-9634-0478185458BE}.Release|Any CPU.ActiveCfg = Debug|Any CPU
		{FEEBB066-7830-4D85-9634-0478185458BE}.Release|Any CPU.Build.0 = Debug|Any CPU
	EndGlobalSection
	GlobalSection(SolutionProperties) = preSolution
		HideSolutionNode = FALSE
	EndGlobalSection
EndGlobal
