
Microsoft Visual Studio Solution File, Format Version 11.00
# Visual Studio 2010
Project("{E24C65DC-7377-472B-9ABA-BC803B73C61A}") = "hcp", ".", "{5E066019-2C40-49FE-A6C5-B42402E09B0B}"
	ProjectSection(WebsiteProperties) = preProject
		TargetFrameworkMoniker = ".NETFramework,Version%3Dv4.0"
		Debug.AspNetCompiler.VirtualPath = "/hcp"
		Debug.AspNetCompiler.PhysicalPath = "..\hcp\"
		Debug.AspNetCompiler.TargetPath = "PrecompiledWeb\hcp\"
		Debug.AspNetCompiler.Updateable = "true"
		Debug.AspNetCompiler.ForceOverwrite = "true"
		Debug.AspNetCompiler.FixedNames = "false"
		Debug.AspNetCompiler.Debug = "True"
		Release.AspNetCompiler.VirtualPath = "/hcp"
		Release.AspNetCompiler.PhysicalPath = "..\hcp\"
		Release.AspNetCompiler.TargetPath = "PrecompiledWeb\hcp\"
		Release.AspNetCompiler.Updateable = "true"
		Release.AspNetCompiler.ForceOverwrite = "true"
		Release.AspNetCompiler.FixedNames = "false"
		Release.AspNetCompiler.Debug = "False"
		VWDPort = "56479"
		VWDDynamicPort = "true"
	EndProjectSection
EndProject
Project("{E24C65DC-7377-472B-9ABA-BC803B73C61A}") = "hcpUnsubscribe", "..\hcpUnsubscribe\", "{4D62C3A1-0D3D-448D-A2A6-FDB80458933F}"
	ProjectSection(WebsiteProperties) = preProject
		TargetFrameworkMoniker = ".NETFramework,Version%3Dv4.0"
		Debug.AspNetCompiler.VirtualPath = "/hcpUnsubscribe"
		Debug.AspNetCompiler.PhysicalPath = "..\hcpUnsubscribe\"
		Debug.AspNetCompiler.TargetPath = "PrecompiledWeb\hcpUnsubscribe\"
		Debug.AspNetCompiler.Updateable = "true"
		Debug.AspNetCompiler.ForceOverwrite = "true"
		Debug.AspNetCompiler.FixedNames = "false"
		Debug.AspNetCompiler.Debug = "True"
		Release.AspNetCompiler.VirtualPath = "/hcpUnsubscribe"
		Release.AspNetCompiler.PhysicalPath = "..\hcpUnsubscribe\"
		Release.AspNetCompiler.TargetPath = "PrecompiledWeb\hcpUnsubscribe\"
		Release.AspNetCompiler.Updateable = "true"
		Release.AspNetCompiler.ForceOverwrite = "true"
		Release.AspNetCompiler.FixedNames = "false"
		Release.AspNetCompiler.Debug = "False"
		VWDPort = "56482"
		DefaultWebSiteLanguage = "Visual C#"
	EndProjectSection
EndProject
Global
	GlobalSection(SolutionConfigurationPlatforms) = preSolution
		Debug|Any CPU = Debug|Any CPU
	EndGlobalSection
	GlobalSection(ProjectConfigurationPlatforms) = postSolution
		{5E066019-2C40-49FE-A6C5-B42402E09B0B}.Debug|Any CPU.ActiveCfg = Debug|Any CPU
		{5E066019-2C40-49FE-A6C5-B42402E09B0B}.Debug|Any CPU.Build.0 = Debug|Any CPU
		{4D62C3A1-0D3D-448D-A2A6-FDB80458933F}.Debug|Any CPU.ActiveCfg = Debug|Any CPU
		{4D62C3A1-0D3D-448D-A2A6-FDB80458933F}.Debug|Any CPU.Build.0 = Debug|Any CPU
	EndGlobalSection
	GlobalSection(SolutionProperties) = preSolution
		HideSolutionNode = FALSE
	EndGlobalSection
EndGlobal
